
Microsoft Visual Studio Solution File, Format Version 12.00
# Visual Studio 15
VisualStudioVersion = 15.0.28307.421
MinimumVisualStudioVersion = 10.0.40219.1
Project("{FAE04EC0-301F-11D3-BF4B-00C04F79EFBC}") = "Assignment3", "Assignment3\Assignment3.csproj", "{26439520-CC8F-4B2E-8C75-2667DE72A34E}"
EndProject
Global
	GlobalSection(SolutionConfigurationPlatforms) = preSolution
		Debug|Any CPU = Debug|Any CPU
		Release|Any CPU = Release|Any CPU
	EndGlobalSection
	GlobalSection(ProjectConfigurationPlatforms) = postSolution
		{26439520-CC8F-4B2E-8C75-2667DE72A34E}.Debug|Any CPU.ActiveCfg = Debug|Any CPU
		{26439520-CC8F-4B2E-8C75-2667DE72A34E}.Debug|Any CPU.Build.0 = Debug|Any CPU
		{26439520-CC8F-4B2E-8C75-2667DE72A34E}.Release|Any CPU.ActiveCfg = Release|Any CPU
		{26439520-CC8F-4B2E-8C75-2667DE72A34E}.Release|Any CPU.Build.0 = Release|Any CPU
	EndGlobalSection
	GlobalSection(SolutionProperties) = preSolution
		HideSolutionNode = FALSE
	EndGlobalSection
	GlobalSection(ExtensibilityGlobals) = postSolution
		SolutionGuid = {13BB4D2F-82B1-459D-91C1-5EDB82A2A467}
	EndGlobalSection
EndGlobal
